
Microsoft Visual Studio Solution File, Format Version 12.00
Project("{FAE04EC0-301F-11D3-BF4B-00C04F79EFBC}") = "SisOpsLab10", "SisOpsLab10.csproj", "{28B4249B-E3EC-42B1-A571-51B6BD184887}"
EndProject
Global
	GlobalSection(SolutionConfigurationPlatforms) = preSolution
		Debug|Any CPU = Debug|Any CPU
		Release|Any CPU = Release|Any CPU
	EndGlobalSection
	GlobalSection(ProjectConfigurationPlatforms) = postSolution
		{28B4249B-E3EC-42B1-A571-51B6BD184887}.Debug|Any CPU.ActiveCfg = Debug|Any CPU
		{28B4249B-E3EC-42B1-A571-51B6BD184887}.Debug|Any CPU.Build.0 = Debug|Any CPU
		{28B4249B-E3EC-42B1-A571-51B6BD184887}.Release|Any CPU.ActiveCfg = Release|Any CPU
		{28B4249B-E3EC-42B1-A571-51B6BD184887}.Release|Any CPU.Build.0 = Release|Any CPU
	EndGlobalSection
EndGlobal
